{
  "requires": true,
  "lockfileVersion": 1,
  "dependencies": {
    "imageviewer": {
      "version": "1.0.0",
      "resolved": "https://registry.npmjs.org/imageviewer/-/imageviewer-1.0.0.tgz",
      "integrity": "sha512-SY3JtRPytbuRv79kHtWqTiFCfNVUsxjVBXr2oxsUHBx3ds5x6Elmn1+FUoUHldKXJAdnBIGgtiR3xsrMLWpceg==",
      "requires": {
        "viewerjs": "1.0.1"
      }
    },
    "jquery": {
      "version": "3.3.1",
      "resolved": "https://registry.npmjs.org/jquery/-/jquery-3.3.1.tgz",
      "integrity": "sha512-Ubldcmxp5np52/ENotGxlLe6aGMvmF4R8S6tZjsP6Knsaxd/xp3Zrh50cG93lR6nPXyUFwzN3ZSOQI0wRJNdGg=="
    },
    "viewerjs": {
      "version": "1.0.1",
      "resolved": "https://registry.npmjs.org/viewerjs/-/viewerjs-1.0.1.tgz",
      "integrity": "sha512-Kj9umuAfheN43Ak2PBqV8kb7f0BbdNA1DRi6xoCV+Dg0urAw9XXha+eWedZd9YyOkybti6YJIuhljNZlwuiQbQ=="
    }
  }
}
